
Microsoft Visual Studio Solution File, Format Version 12.00
# Visual Studio Version 18
VisualStudioVersion = 18.0.11222.15 d18.0
MinimumVisualStudioVersion = 10.0.40219.1
Project("{9A19103F-16F7-4668-BE54-9A1E7A4F7556}") = "A2v10.System.Xaml", "A2v10.System.Xaml\A2v10.System.Xaml.csproj", "{878FD5A0-5528-47FB-A1D5-BFAB2E4D56AD}"
EndProject
Project("{9A19103F-16F7-4668-BE54-9A1E7A4F7556}") = "A2v10.System.Xaml.Tests", "A2v10.System.Xaml.Tests\A2v10.System.Xaml.Tests.csproj", "{678020CB-DF29-4C96-9002-4124B430BB69}"
EndProject
Project("{2150E333-8FDC-42A3-9474-1A3956D46DE8}") = "Solution Items", "Solution Items", "{1ABEDFCA-CE01-4728-B31E-654C048CE135}"
	ProjectSection(SolutionItems) = preProject
		codecoverage.ps1 = codecoverage.ps1
		LICENSE = LICENSE
	EndProjectSection
EndProject
Global
	GlobalSection(SolutionConfigurationPlatforms) = preSolution
		Debug|Any CPU = Debug|Any CPU
		Release|Any CPU = Release|Any CPU
	EndGlobalSection
	GlobalSection(ProjectConfigurationPlatforms) = postSolution
		{878FD5A0-5528-47FB-A1D5-BFAB2E4D56AD}.Debug|Any CPU.ActiveCfg = Debug|Any CPU
		{878FD5A0-5528-47FB-A1D5-BFAB2E4D56AD}.Debug|Any CPU.Build.0 = Debug|Any CPU
		{878FD5A0-5528-47FB-A1D5-BFAB2E4D56AD}.Release|Any CPU.ActiveCfg = Release|Any CPU
		{878FD5A0-5528-47FB-A1D5-BFAB2E4D56AD}.Release|Any CPU.Build.0 = Release|Any CPU
		{678020CB-DF29-4C96-9002-4124B430BB69}.Debug|Any CPU.ActiveCfg = Debug|Any CPU
		{678020CB-DF29-4C96-9002-4124B430BB69}.Debug|Any CPU.Build.0 = Debug|Any CPU
		{678020CB-DF29-4C96-9002-4124B430BB69}.Release|Any CPU.ActiveCfg = Release|Any CPU
		{678020CB-DF29-4C96-9002-4124B430BB69}.Release|Any CPU.Build.0 = Release|Any CPU
	EndGlobalSection
	GlobalSection(SolutionProperties) = preSolution
		HideSolutionNode = FALSE
	EndGlobalSection
	GlobalSection(ExtensibilityGlobals) = postSolution
		SolutionGuid = {4D313383-13D1-4235-89AA-97C345632A96}
	EndGlobalSection
EndGlobal
